// !$*UTF8*$!
{
	archiveVersion = 1;
	classes = {
	};
	objectVersion = 46;
	objects = {

/* Begin PBXBuildFile section */
		523DBB6A1EB8756000CD4335 /* AppDelegate.swift in Sources */ = {isa = PBXBuildFile; fileRef = 523DBB691EB8756000CD4335 /* AppDelegate.swift */; };
		523DBB6C1EB8756000CD4335 /* ViewController.swift in Sources */ = {isa = PBXBuildFile; fileRef = 523DBB6B1EB8756000CD4335 /* ViewController.swift */; };
		523DBB6F1EB8756000CD4335 /* Main.storyboard in Resources */ = {isa = PBXBuildFile; fileRef = 523DBB6D1EB8756000CD4335 /* Main.storyboard */; };
		523DBB711EB8756000CD4335 /* Assets.xcassets in Resources */ = {isa = PBXBuildFile; fileRef = 523DBB701EB8756000CD4335 /* Assets.xcassets */; };
		523DBB741EB8756000CD4335 /* LaunchScreen.storyboard in Resources */ = {isa = PBXBuildFile; fileRef = 523DBB721EB8756000CD4335 /* LaunchScreen.storyboard */; };
		523DBB861EB8945B00CD4335 /* MapKit.framework in Frameworks */ = {isa = PBXBuildFile; fileRef = 523DBB851EB8945B00CD4335 /* MapKit.framework */; };
		523DBB881EB8946900CD4335 /* CoreLocation.framework in Frameworks */ = {isa = PBXBuildFile; fileRef = 523DBB871EB8946900CD4335 /* CoreLocation.framework */; };
		52C2E83D1EBC346E001DF892 /* OfferedViewController.swift in Sources */ = {isa = PBXBuildFile; fileRef = 52C2E83C1EBC346E001DF892 /* OfferedViewController.swift */; };
		52C2E8401EBC4081001DF892 /* OfferedTableViewCell.swift in Sources */ = {isa = PBXBuildFile; fileRef = 52C2E83E1EBC4081001DF892 /* OfferedTableViewCell.swift */; };
		52C2E8411EBC4081001DF892 /* OfferedTableViewCell.xib in Resources */ = {isa = PBXBuildFile; fileRef = 52C2E83F1EBC4081001DF892 /* OfferedTableViewCell.xib */; };
		52C6386F1EB978B00090AED1 /* UserTableViewCell.swift in Sources */ = {isa = PBXBuildFile; fileRef = 52C6386D1EB978B00090AED1 /* UserTableViewCell.swift */; };
		52C638701EB978B00090AED1 /* UserTableViewCell.xib in Resources */ = {isa = PBXBuildFile; fileRef = 52C6386E1EB978B00090AED1 /* UserTableViewCell.xib */; };
		52C638721EB983680090AED1 /* ProfileViewController.swift in Sources */ = {isa = PBXBuildFile; fileRef = 52C638711EB983680090AED1 /* ProfileViewController.swift */; };
		52C638741EB983AC0090AED1 /* UserViewController.swift in Sources */ = {isa = PBXBuildFile; fileRef = 52C638731EB983AC0090AED1 /* UserViewController.swift */; };
		52F21D771EBADF6A004B1040 /* OfferViewController.swift in Sources */ = {isa = PBXBuildFile; fileRef = 52F21D761EBADF69004B1040 /* OfferViewController.swift */; };
		52F4FE2D1EBA163D00503BD4 /* ChatTableViewCell.swift in Sources */ = {isa = PBXBuildFile; fileRef = 52F4FE2B1EBA163D00503BD4 /* ChatTableViewCell.swift */; };
		52F4FE2E1EBA163D00503BD4 /* ChatTableViewCell.xib in Resources */ = {isa = PBXBuildFile; fileRef = 52F4FE2C1EBA163D00503BD4 /* ChatTableViewCell.xib */; };
		52F4FE301EBA165A00503BD4 /* ChatImageTableViewCell.xib in Resources */ = {isa = PBXBuildFile; fileRef = 52F4FE2F1EBA165A00503BD4 /* ChatImageTableViewCell.xib */; };
		52F4FE321EBA166000503BD4 /* ChatImageTableViewCell.swift in Sources */ = {isa = PBXBuildFile; fileRef = 52F4FE311EBA166000503BD4 /* ChatImageTableViewCell.swift */; };
		52F4FE341EBA172400503BD4 /* ChatViewController.swift in Sources */ = {isa = PBXBuildFile; fileRef = 52F4FE331EBA172400503BD4 /* ChatViewController.swift */; };
		52F4FE361EBA1A1D00503BD4 /* Chat.swift in Sources */ = {isa = PBXBuildFile; fileRef = 52F4FE351EBA1A1D00503BD4 /* Chat.swift */; };
		52F4FE381EBA1A4600503BD4 /* Message.swift in Sources */ = {isa = PBXBuildFile; fileRef = 52F4FE371EBA1A4600503BD4 /* Message.swift */; };
		52F4FE3A1EBA236D00503BD4 /* ImageViewController.swift in Sources */ = {isa = PBXBuildFile; fileRef = 52F4FE391EBA236D00503BD4 /* ImageViewController.swift */; };
		52F94BED1EB8B843003D2184 /* LoginViewController.swift in Sources */ = {isa = PBXBuildFile; fileRef = 52F94BEC1EB8B843003D2184 /* LoginViewController.swift */; };
		52F94BEF1EB8B8D4003D2184 /* GoogleService-Info.plist in Resources */ = {isa = PBXBuildFile; fileRef = 52F94BEE1EB8B8D4003D2184 /* GoogleService-Info.plist */; };
		52F94BF11EB8BB6E003D2184 /* Extensions.swift in Sources */ = {isa = PBXBuildFile; fileRef = 52F94BF01EB8BB6E003D2184 /* Extensions.swift */; };
		52F94BF31EB8BDDA003D2184 /* SignupViewController.swift in Sources */ = {isa = PBXBuildFile; fileRef = 52F94BF21EB8BDDA003D2184 /* SignupViewController.swift */; };
		52F94BF51EB8DF64003D2184 /* User.swift in Sources */ = {isa = PBXBuildFile; fileRef = 52F94BF41EB8DF64003D2184 /* User.swift */; };
		CA7B8953DD654D505EA4F754 /* Pods_KolodaViewTest.framework in Frameworks */ = {isa = PBXBuildFile; fileRef = D83B949253527CE376F354DD /* Pods_KolodaViewTest.framework */; };
/* End PBXBuildFile section */

/* Begin PBXFileReference section */
		3DCDB9C3EB72EA3967BD1F89 /* Pods-KolodaViewTest.debug.xcconfig */ = {isa = PBXFileReference; includeInIndex = 1; lastKnownFileType = text.xcconfig; name = "Pods-KolodaViewTest.debug.xcconfig"; path = "Pods/Target Support Files/Pods-KolodaViewTest/Pods-KolodaViewTest.debug.xcconfig"; sourceTree = "<group>"; };
		444DA77A1CD3E25FCEF5E07E /* Pods-KolodaViewTest.release.xcconfig */ = {isa = PBXFileReference; includeInIndex = 1; lastKnownFileType = text.xcconfig; name = "Pods-KolodaViewTest.release.xcconfig"; path = "Pods/Target Support Files/Pods-KolodaViewTest/Pods-KolodaViewTest.release.xcconfig"; sourceTree = "<group>"; };
		523DBB661EB8756000CD4335 /* KolodaViewTest.app */ = {isa = PBXFileReference; explicitFileType = wrapper.application; includeInIndex = 0; path = KolodaViewTest.app; sourceTree = BUILT_PRODUCTS_DIR; };
		523DBB691EB8756000CD4335 /* AppDelegate.swift */ = {isa = PBXFileReference; lastKnownFileType = sourcecode.swift; path = AppDelegate.swift; sourceTree = "<group>"; };
		523DBB6B1EB8756000CD4335 /* ViewController.swift */ = {isa = PBXFileReference; lastKnownFileType = sourcecode.swift; path = ViewController.swift; sourceTree = "<group>"; };
		523DBB6E1EB8756000CD4335 /* Base */ = {isa = PBXFileReference; lastKnownFileType = file.storyboard; name = Base; path = Base.lproj/Main.storyboard; sourceTree = "<group>"; };
		523DBB701EB8756000CD4335 /* Assets.xcassets */ = {isa = PBXFileReference; lastKnownFileType = folder.assetcatalog; path = Assets.xcassets; sourceTree = "<group>"; };
		523DBB731EB8756000CD4335 /* Base */ = {isa = PBXFileReference; lastKnownFileType = file.storyboard; name = Base; path = Base.lproj/LaunchScreen.storyboard; sourceTree = "<group>"; };
		523DBB751EB8756000CD4335 /* Info.plist */ = {isa = PBXFileReference; lastKnownFileType = text.plist.xml; path = Info.plist; sourceTree = "<group>"; };
		523DBB851EB8945B00CD4335 /* MapKit.framework */ = {isa = PBXFileReference; lastKnownFileType = wrapper.framework; name = MapKit.framework; path = System/Library/Frameworks/MapKit.framework; sourceTree = SDKROOT; };
		523DBB871EB8946900CD4335 /* CoreLocation.framework */ = {isa = PBXFileReference; lastKnownFileType = wrapper.framework; name = CoreLocation.framework; path = System/Library/Frameworks/CoreLocation.framework; sourceTree = SDKROOT; };
		52C2E83C1EBC346E001DF892 /* OfferedViewController.swift */ = {isa = PBXFileReference; fileEncoding = 4; lastKnownFileType = sourcecode.swift; path = OfferedViewController.swift; sourceTree = "<group>"; };
		52C2E83E1EBC4081001DF892 /* OfferedTableViewCell.swift */ = {isa = PBXFileReference; fileEncoding = 4; lastKnownFileType = sourcecode.swift; path = OfferedTableViewCell.swift; sourceTree = "<group>"; };
		52C2E83F1EBC4081001DF892 /* OfferedTableViewCell.xib */ = {isa = PBXFileReference; fileEncoding = 4; lastKnownFileType = file.xib; path = OfferedTableViewCell.xib; sourceTree = "<group>"; };
		52C6386D1EB978B00090AED1 /* UserTableViewCell.swift */ = {isa = PBXFileReference; fileEncoding = 4; lastKnownFileType = sourcecode.swift; path = UserTableViewCell.swift; sourceTree = "<group>"; };
		52C6386E1EB978B00090AED1 /* UserTableViewCell.xib */ = {isa = PBXFileReference; fileEncoding = 4; lastKnownFileType = file.xib; path = UserTableViewCell.xib; sourceTree = "<group>"; };
		52C638711EB983680090AED1 /* ProfileViewController.swift */ = {isa = PBXFileReference; fileEncoding = 4; lastKnownFileType = sourcecode.swift; path = ProfileViewController.swift; sourceTree = "<group>"; };
		52C638731EB983AC0090AED1 /* UserViewController.swift */ = {isa = PBXFileReference; fileEncoding = 4; lastKnownFileType = sourcecode.swift; path = UserViewController.swift; sourceTree = "<group>"; };
		52F21D761EBADF69004B1040 /* OfferViewController.swift */ = {isa = PBXFileReference; fileEncoding = 4; lastKnownFileType = sourcecode.swift; path = OfferViewController.swift; sourceTree = "<group>"; };
		52F4FE2B1EBA163D00503BD4 /* ChatTableViewCell.swift */ = {isa = PBXFileReference; fileEncoding = 4; lastKnownFileType = sourcecode.swift; path = ChatTableViewCell.swift; sourceTree = "<group>"; };
		52F4FE2C1EBA163D00503BD4 /* ChatTableViewCell.xib */ = {isa = PBXFileReference; fileEncoding = 4; lastKnownFileType = file.xib; path = ChatTableViewCell.xib; sourceTree = "<group>"; };
		52F4FE2F1EBA165A00503BD4 /* ChatImageTableViewCell.xib */ = {isa = PBXFileReference; fileEncoding = 4; lastKnownFileType = file.xib; path = ChatImageTableViewCell.xib; sourceTree = "<group>"; };
		52F4FE311EBA166000503BD4 /* ChatImageTableViewCell.swift */ = {isa = PBXFileReference; fileEncoding = 4; lastKnownFileType = sourcecode.swift; path = ChatImageTableViewCell.swift; sourceTree = "<group>"; };
		52F4FE331EBA172400503BD4 /* ChatViewController.swift */ = {isa = PBXFileReference; fileEncoding = 4; lastKnownFileType = sourcecode.swift; path = ChatViewController.swift; sourceTree = "<group>"; };
		52F4FE351EBA1A1D00503BD4 /* Chat.swift */ = {isa = PBXFileReference; fileEncoding = 4; lastKnownFileType = sourcecode.swift; path = Chat.swift; sourceTree = "<group>"; };
		52F4FE371EBA1A4600503BD4 /* Message.swift */ = {isa = PBXFileReference; fileEncoding = 4; lastKnownFileType = sourcecode.swift; path = Message.swift; sourceTree = "<group>"; };
		52F4FE391EBA236D00503BD4 /* ImageViewController.swift */ = {isa = PBXFileReference; fileEncoding = 4; lastKnownFileType = sourcecode.swift; path = ImageViewController.swift; sourceTree = "<group>"; };
		52F94BEC1EB8B843003D2184 /* LoginViewController.swift */ = {isa = PBXFileReference; fileEncoding = 4; lastKnownFileType = sourcecode.swift; path = LoginViewController.swift; sourceTree = "<group>"; };
		52F94BEE1EB8B8D4003D2184 /* GoogleService-Info.plist */ = {isa = PBXFileReference; fileEncoding = 4; lastKnownFileType = text.plist.xml; path = "GoogleService-Info.plist"; sourceTree = "<group>"; };
		52F94BF01EB8BB6E003D2184 /* Extensions.swift */ = {isa = PBXFileReference; fileEncoding = 4; lastKnownFileType = sourcecode.swift; path = Extensions.swift; sourceTree = "<group>"; };
		52F94BF21EB8BDDA003D2184 /* SignupViewController.swift */ = {isa = PBXFileReference; fileEncoding = 4; lastKnownFileType = sourcecode.swift; path = SignupViewController.swift; sourceTree = "<group>"; };
		52F94BF41EB8DF64003D2184 /* User.swift */ = {isa = PBXFileReference; fileEncoding = 4; lastKnownFileType = sourcecode.swift; path = User.swift; sourceTree = "<group>"; };
		D83B949253527CE376F354DD /* Pods_KolodaViewTest.framework */ = {isa = PBXFileReference; explicitFileType = wrapper.framework; includeInIndex = 0; path = Pods_KolodaViewTest.framework; sourceTree = BUILT_PRODUCTS_DIR; };
/* End PBXFileReference section */

/* Begin PBXFrameworksBuildPhase section */
		523DBB631EB8756000CD4335 /* Frameworks */ = {
			isa = PBXFrameworksBuildPhase;
			buildActionMask = 2147483647;
			files = (
				523DBB881EB8946900CD4335 /* CoreLocation.framework in Frameworks */,
				523DBB861EB8945B00CD4335 /* MapKit.framework in Frameworks */,
				CA7B8953DD654D505EA4F754 /* Pods_KolodaViewTest.framework in Frameworks */,
			);
			runOnlyForDeploymentPostprocessing = 0;
		};
/* End PBXFrameworksBuildPhase section */

/* Begin PBXGroup section */
		523DBB5D1EB8756000CD4335 = {
			isa = PBXGroup;
			children = (
				523DBB681EB8756000CD4335 /* KolodaViewTest */,
				523DBB671EB8756000CD4335 /* Products */,
				EC5D062076B6BD033BD45640 /* Pods */,
				F281F7CA5AF5D9CF83E5525B /* Frameworks */,
			);
			sourceTree = "<group>";
		};
		523DBB671EB8756000CD4335 /* Products */ = {
			isa = PBXGroup;
			children = (
				523DBB661EB8756000CD4335 /* KolodaViewTest.app */,
			);
			name = Products;
			sourceTree = "<group>";
		};
		523DBB681EB8756000CD4335 /* KolodaViewTest */ = {
			isa = PBXGroup;
			children = (
				523DBB691EB8756000CD4335 /* AppDelegate.swift */,
				52F94BE91EB8B819003D2184 /* Controllers */,
				52F94BE81EB8B80A003D2184 /* Interface */,
				52F94BEB1EB8B82A003D2184 /* Models */,
				52F94BEA1EB8B824003D2184 /* Support */,
			);
			path = KolodaViewTest;
			sourceTree = "<group>";
		};
		52F94BE81EB8B80A003D2184 /* Interface */ = {
			isa = PBXGroup;
			children = (
				523DBB6D1EB8756000CD4335 /* Main.storyboard */,
				52C2E83F1EBC4081001DF892 /* OfferedTableViewCell.xib */,
				52C6386E1EB978B00090AED1 /* UserTableViewCell.xib */,
				523DBB721EB8756000CD4335 /* LaunchScreen.storyboard */,
				52F4FE2C1EBA163D00503BD4 /* ChatTableViewCell.xib */,
				52F4FE2F1EBA165A00503BD4 /* ChatImageTableViewCell.xib */,
			);
			name = Interface;
			sourceTree = "<group>";
		};
		52F94BE91EB8B819003D2184 /* Controllers */ = {
			isa = PBXGroup;
			children = (
				523DBB6B1EB8756000CD4335 /* ViewController.swift */,
				52F94BEC1EB8B843003D2184 /* LoginViewController.swift */,
				52F94BF21EB8BDDA003D2184 /* SignupViewController.swift */,
				52C638711EB983680090AED1 /* ProfileViewController.swift */,
				52C638731EB983AC0090AED1 /* UserViewController.swift */,
				52F4FE331EBA172400503BD4 /* ChatViewController.swift */,
				52F4FE391EBA236D00503BD4 /* ImageViewController.swift */,
				52F21D761EBADF69004B1040 /* OfferViewController.swift */,
				52C2E83C1EBC346E001DF892 /* OfferedViewController.swift */,
			);
			name = Controllers;
			sourceTree = "<group>";
		};
		52F94BEA1EB8B824003D2184 /* Support */ = {
			isa = PBXGroup;
			children = (
				52F94BF01EB8BB6E003D2184 /* Extensions.swift */,
				523DBB701EB8756000CD4335 /* Assets.xcassets */,
				52F94BEE1EB8B8D4003D2184 /* GoogleService-Info.plist */,
				523DBB751EB8756000CD4335 /* Info.plist */,
			);
			name = Support;
			sourceTree = "<group>";
		};
		52F94BEB1EB8B82A003D2184 /* Models */ = {
			isa = PBXGroup;
			children = (
				52F4FE351EBA1A1D00503BD4 /* Chat.swift */,
				52F4FE371EBA1A4600503BD4 /* Message.swift */,
				52F94BF41EB8DF64003D2184 /* User.swift */,
				52C6386D1EB978B00090AED1 /* UserTableViewCell.swift */,
				52F4FE2B1EBA163D00503BD4 /* ChatTableViewCell.swift */,
				52F4FE311EBA166000503BD4 /* ChatImageTableViewCell.swift */,
				52C2E83E1EBC4081001DF892 /* OfferedTableViewCell.swift */,
			);
			name = Models;
			sourceTree = "<group>";
		};
		EC5D062076B6BD033BD45640 /* Pods */ = {
			isa = PBXGroup;
			children = (
				3DCDB9C3EB72EA3967BD1F89 /* Pods-KolodaViewTest.debug.xcconfig */,
				444DA77A1CD3E25FCEF5E07E /* Pods-KolodaViewTest.release.xcconfig */,
			);
			name = Pods;
			sourceTree = "<group>";
		};
		F281F7CA5AF5D9CF83E5525B /* Frameworks */ = {
			isa = PBXGroup;
			children = (
				523DBB871EB8946900CD4335 /* CoreLocation.framework */,
				523DBB851EB8945B00CD4335 /* MapKit.framework */,
				D83B949253527CE376F354DD /* Pods_KolodaViewTest.framework */,
			);
			name = Frameworks;
			sourceTree = "<group>";
		};
/* End PBXGroup section */

/* Begin PBXNativeTarget section */
		523DBB651EB8756000CD4335 /* KolodaViewTest */ = {
			isa = PBXNativeTarget;
			buildConfigurationList = 523DBB781EB8756000CD4335 /* Build configuration list for PBXNativeTarget "KolodaViewTest" */;
			buildPhases = (
				7C8FF0BA016190D4BDC89BBE /* [CP] Check Pods Manifest.lock */,
				523DBB621EB8756000CD4335 /* Sources */,
				523DBB631EB8756000CD4335 /* Frameworks */,
				523DBB641EB8756000CD4335 /* Resources */,
				E0299E95DD0F20B741E5C197 /* [CP] Embed Pods Frameworks */,
				9C3C391D7BD1A56BCB0F03DB /* [CP] Copy Pods Resources */,
			);
			buildRules = (
			);
			dependencies = (
			);
			name = KolodaViewTest;
			productName = KolodaViewTest;
			productReference = 523DBB661EB8756000CD4335 /* KolodaViewTest.app */;
			productType = "com.apple.product-type.application";
		};
/* End PBXNativeTarget section */

/* Begin PBXProject section */
		523DBB5E1EB8756000CD4335 /* Project object */ = {
			isa = PBXProject;
			attributes = {
				LastSwiftUpdateCheck = 0820;
				LastUpgradeCheck = 0820;
				ORGANIZATIONNAME = Burst;
				TargetAttributes = {
					523DBB651EB8756000CD4335 = {
						CreatedOnToolsVersion = 8.2.1;
						DevelopmentTeam = XUN95V9WDZ;
						ProvisioningStyle = Automatic;
					};
				};
			};
			buildConfigurationList = 523DBB611EB8756000CD4335 /* Build configuration list for PBXProject "KolodaViewTest" */;
			compatibilityVersion = "Xcode 3.2";
			developmentRegion = English;
			hasScannedForEncodings = 0;
			knownRegions = (
				en,
				Base,
			);
			mainGroup = 523DBB5D1EB8756000CD4335;
			productRefGroup = 523DBB671EB8756000CD4335 /* Products */;
			projectDirPath = "";
			projectRoot = "";
			targets = (
				523DBB651EB8756000CD4335 /* KolodaViewTest */,
			);
		};
/* End PBXProject section */

/* Begin PBXResourcesBuildPhase section */
		523DBB641EB8756000CD4335 /* Resources */ = {
			isa = PBXResourcesBuildPhase;
			buildActionMask = 2147483647;
			files = (
				523DBB741EB8756000CD4335 /* LaunchScreen.storyboard in Resources */,
				52F4FE301EBA165A00503BD4 /* ChatImageTableViewCell.xib in Resources */,
				52F4FE2E1EBA163D00503BD4 /* ChatTableViewCell.xib in Resources */,
				52F94BEF1EB8B8D4003D2184 /* GoogleService-Info.plist in Resources */,
				523DBB711EB8756000CD4335 /* Assets.xcassets in Resources */,
				523DBB6F1EB8756000CD4335 /* Main.storyboard in Resources */,
				52C638701EB978B00090AED1 /* UserTableViewCell.xib in Resources */,
				52C2E8411EBC4081001DF892 /* OfferedTableViewCell.xib in Resources */,
			);
			runOnlyForDeploymentPostprocessing = 0;
		};
/* End PBXResourcesBuildPhase section */

/* Begin PBXShellScriptBuildPhase section */
		7C8FF0BA016190D4BDC89BBE /* [CP] Check Pods Manifest.lock */ = {
			isa = PBXShellScriptBuildPhase;
			buildActionMask = 2147483647;
			files = (
			);
			inputPaths = (
			);
			name = "[CP] Check Pods Manifest.lock";
			outputPaths = (
			);
			runOnlyForDeploymentPostprocessing = 0;
			shellPath = /bin/sh;
			shellScript = "diff \"${PODS_PODFILE_DIR_PATH}/Podfile.lock\" \"${PODS_ROOT}/Manifest.lock\" > /dev/null\nif [ $? != 0 ] ; then\n    # print error to STDERR\n    echo \"error: The sandbox is not in sync with the Podfile.lock. Run 'pod install' or update your CocoaPods installation.\" >&2\n    exit 1\nfi\n";
			showEnvVarsInLog = 0;
		};
		9C3C391D7BD1A56BCB0F03DB /* [CP] Copy Pods Resources */ = {
			isa = PBXShellScriptBuildPhase;
			buildActionMask = 2147483647;
			files = (
			);
			inputPaths = (
			);
			name = "[CP] Copy Pods Resources";
			outputPaths = (
			);
			runOnlyForDeploymentPostprocessing = 0;
			shellPath = /bin/sh;
			shellScript = "\"${SRCROOT}/Pods/Target Support Files/Pods-KolodaViewTest/Pods-KolodaViewTest-resources.sh\"\n";
			showEnvVarsInLog = 0;
		};
		E0299E95DD0F20B741E5C197 /* [CP] Embed Pods Frameworks */ = {
			isa = PBXShellScriptBuildPhase;
			buildActionMask = 2147483647;
			files = (
			);
			inputPaths = (
			);
			name = "[CP] Embed Pods Frameworks";
			outputPaths = (
			);
			runOnlyForDeploymentPostprocessing = 0;
			shellPath = /bin/sh;
			shellScript = "\"${SRCROOT}/Pods/Target Support Files/Pods-KolodaViewTest/Pods-KolodaViewTest-frameworks.sh\"\n";
			showEnvVarsInLog = 0;
		};
/* End PBXShellScriptBuildPhase section */

/* Begin PBXSourcesBuildPhase section */
		523DBB621EB8756000CD4335 /* Sources */ = {
			isa = PBXSourcesBuildPhase;
			buildActionMask = 2147483647;
			files = (
				52F4FE361EBA1A1D00503BD4 /* Chat.swift in Sources */,
				52F94BF31EB8BDDA003D2184 /* SignupViewController.swift in Sources */,
				52C638741EB983AC0090AED1 /* UserViewController.swift in Sources */,
				52F94BF11EB8BB6E003D2184 /* Extensions.swift in Sources */,
				52F94BED1EB8B843003D2184 /* LoginViewController.swift in Sources */,
				52F21D771EBADF6A004B1040 /* OfferViewController.swift in Sources */,
				52F4FE321EBA166000503BD4 /* ChatImageTableViewCell.swift in Sources */,
				52C2E8401EBC4081001DF892 /* OfferedTableViewCell.swift in Sources */,
				52C6386F1EB978B00090AED1 /* UserTableViewCell.swift in Sources */,
				52F4FE3A1EBA236D00503BD4 /* ImageViewController.swift in Sources */,
				523DBB6C1EB8756000CD4335 /* ViewController.swift in Sources */,
				523DBB6A1EB8756000CD4335 /* AppDelegate.swift in Sources */,
				52F4FE2D1EBA163D00503BD4 /* ChatTableViewCell.swift in Sources */,
				52C638721EB983680090AED1 /* ProfileViewController.swift in Sources */,
				52F4FE341EBA172400503BD4 /* ChatViewController.swift in Sources */,
				52F94BF51EB8DF64003D2184 /* User.swift in Sources */,
				52F4FE381EBA1A4600503BD4 /* Message.swift in Sources */,
				52C2E83D1EBC346E001DF892 /* OfferedViewController.swift in Sources */,
			);
			runOnlyForDeploymentPostprocessing = 0;
		};
/* End PBXSourcesBuildPhase section */

/* Begin PBXVariantGroup section */
		523DBB6D1EB8756000CD4335 /* Main.storyboard */ = {
			isa = PBXVariantGroup;
			children = (
				523DBB6E1EB8756000CD4335 /* Base */,
			);
			name = Main.storyboard;
			sourceTree = "<group>";
		};
		523DBB721EB8756000CD4335 /* LaunchScreen.storyboard */ = {
			isa = PBXVariantGroup;
			children = (
				523DBB731EB8756000CD4335 /* Base */,
			);
			name = LaunchScreen.storyboard;
			sourceTree = "<group>";
		};
/* End PBXVariantGroup section */

/* Begin XCBuildConfiguration section */
		523DBB761EB8756000CD4335 /* Debug */ = {
			isa = XCBuildConfiguration;
			buildSettings = {
				ALWAYS_SEARCH_USER_PATHS = NO;
				CLANG_ANALYZER_NONNULL = YES;
				CLANG_CXX_LANGUAGE_STANDARD = "gnu++0x";
				CLANG_CXX_LIBRARY = "libc++";
				CLANG_ENABLE_MODULES = YES;
				CLANG_ENABLE_OBJC_ARC = YES;
				CLANG_WARN_BOOL_CONVERSION = YES;
				CLANG_WARN_CONSTANT_CONVERSION = YES;
				CLANG_WARN_DIRECT_OBJC_ISA_USAGE = YES_ERROR;
				CLANG_WARN_DOCUMENTATION_COMMENTS = YES;
				CLANG_WARN_EMPTY_BODY = YES;
				CLANG_WARN_ENUM_CONVERSION = YES;
				CLANG_WARN_INFINITE_RECURSION = YES;
				CLANG_WARN_INT_CONVERSION = YES;
				CLANG_WARN_OBJC_ROOT_CLASS = YES_ERROR;
				CLANG_WARN_SUSPICIOUS_MOVE = YES;
				CLANG_WARN_UNREACHABLE_CODE = YES;
				CLANG_WARN__DUPLICATE_METHOD_MATCH = YES;
				"CODE_SIGN_IDENTITY[sdk=iphoneos*]" = "iPhone Developer";
				COPY_PHASE_STRIP = NO;
				DEBUG_INFORMATION_FORMAT = dwarf;
				ENABLE_STRICT_OBJC_MSGSEND = YES;
				ENABLE_TESTABILITY = YES;
				GCC_C_LANGUAGE_STANDARD = gnu99;
				GCC_DYNAMIC_NO_PIC = NO;
				GCC_NO_COMMON_BLOCKS = YES;
				GCC_OPTIMIZATION_LEVEL = 0;
				GCC_PREPROCESSOR_DEFINITIONS = (
					"DEBUG=1",
					"$(inherited)",
				);
				GCC_WARN_64_TO_32_BIT_CONVERSION = YES;
				GCC_WARN_ABOUT_RETURN_TYPE = YES_ERROR;
				GCC_WARN_UNDECLARED_SELECTOR = YES;
				GCC_WARN_UNINITIALIZED_AUTOS = YES_AGGRESSIVE;
				GCC_WARN_UNUSED_FUNCTION = YES;
				GCC_WARN_UNUSED_VARIABLE = YES;
				IPHONEOS_DEPLOYMENT_TARGET = 10.2;
				MTL_ENABLE_DEBUG_INFO = YES;
				ONLY_ACTIVE_ARCH = YES;
				SDKROOT = iphoneos;
				SWIFT_ACTIVE_COMPILATION_CONDITIONS = DEBUG;
				SWIFT_OPTIMIZATION_LEVEL = "-Onone";
				TARGETED_DEVICE_FAMILY = "1,2";
			};
			name = Debug;
		};
		523DBB771EB8756000CD4335 /* Release */ = {
			isa = XCBuildConfiguration;
			buildSettings = {
				ALWAYS_SEARCH_USER_PATHS = NO;
				CLANG_ANALYZER_NONNULL = YES;
				CLANG_CXX_LANGUAGE_STANDARD = "gnu++0x";
				CLANG_CXX_LIBRARY = "libc++";
				CLANG_ENABLE_MODULES = YES;
				CLANG_ENABLE_OBJC_ARC = YES;
				CLANG_WARN_BOOL_CONVERSION = YES;
				CLANG_WARN_CONSTANT_CONVERSION = YES;
				CLANG_WARN_DIRECT_OBJC_ISA_USAGE = YES_ERROR;
				CLANG_WARN_DOCUMENTATION_COMMENTS = YES;
				CLANG_WARN_EMPTY_BODY = YES;
				CLANG_WARN_ENUM_CONVERSION = YES;
				CLANG_WARN_INFINITE_RECURSION = YES;
				CLANG_WARN_INT_CONVERSION = YES;
				CLANG_WARN_OBJC_ROOT_CLASS = YES_ERROR;
				CLANG_WARN_SUSPICIOUS_MOVE = YES;
				CLANG_WARN_UNREACHABLE_CODE = YES;
				CLANG_WARN__DUPLICATE_METHOD_MATCH = YES;
				"CODE_SIGN_IDENTITY[sdk=iphoneos*]" = "iPhone Developer";
				COPY_PHASE_STRIP = NO;
				DEBUG_INFORMATION_FORMAT = "dwarf-with-dsym";
				ENABLE_NS_ASSERTIONS = NO;
				ENABLE_STRICT_OBJC_MSGSEND = YES;
				GCC_C_LANGUAGE_STANDARD = gnu99;
				GCC_NO_COMMON_BLOCKS = YES;
				GCC_WARN_64_TO_32_BIT_CONVERSION = YES;
				GCC_WARN_ABOUT_RETURN_TYPE = YES_ERROR;
				GCC_WARN_UNDECLARED_SELECTOR = YES;
				GCC_WARN_UNINITIALIZED_AUTOS = YES_AGGRESSIVE;
				GCC_WARN_UNUSED_FUNCTION = YES;
				GCC_WARN_UNUSED_VARIABLE = YES;
				IPHONEOS_DEPLOYMENT_TARGET = 10.2;
				MTL_ENABLE_DEBUG_INFO = NO;
				SDKROOT = iphoneos;
				SWIFT_OPTIMIZATION_LEVEL = "-Owholemodule";
				TARGETED_DEVICE_FAMILY = "1,2";
				VALIDATE_PRODUCT = YES;
			};
			name = Release;
		};
		523DBB791EB8756000CD4335 /* Debug */ = {
			isa = XCBuildConfiguration;
			baseConfigurationReference = 3DCDB9C3EB72EA3967BD1F89 /* Pods-KolodaViewTest.debug.xcconfig */;
			buildSettings = {
				ASSETCATALOG_COMPILER_APPICON_NAME = AppIcon;
				DEVELOPMENT_TEAM = XUN95V9WDZ;
				INFOPLIST_FILE = KolodaViewTest/Info.plist;
				LD_RUNPATH_SEARCH_PATHS = "$(inherited) @executable_path/Frameworks";
				PRODUCT_BUNDLE_IDENTIFIER = com.Burst.KolodaViewTest;
				PRODUCT_NAME = "$(TARGET_NAME)";
				SWIFT_VERSION = 3.0;
			};
			name = Debug;
		};
		523DBB7A1EB8756000CD4335 /* Release */ = {
			isa = XCBuildConfiguration;
			baseConfigurationReference = 444DA77A1CD3E25FCEF5E07E /* Pods-KolodaViewTest.release.xcconfig */;
			buildSettings = {
				ASSETCATALOG_COMPILER_APPICON_NAME = AppIcon;
				DEVELOPMENT_TEAM = XUN95V9WDZ;
				INFOPLIST_FILE = KolodaViewTest/Info.plist;
				LD_RUNPATH_SEARCH_PATHS = "$(inherited) @executable_path/Frameworks";
				PRODUCT_BUNDLE_IDENTIFIER = com.Burst.KolodaViewTest;
				PRODUCT_NAME = "$(TARGET_NAME)";
				SWIFT_VERSION = 3.0;
			};
			name = Release;
		};
/* End XCBuildConfiguration section */

/* Begin XCConfigurationList section */
		523DBB611EB8756000CD4335 /* Build configuration list for PBXProject "KolodaViewTest" */ = {
			isa = XCConfigurationList;
			buildConfigurations = (
				523DBB761EB8756000CD4335 /* Debug */,
				523DBB771EB8756000CD4335 /* Release */,
			);
			defaultConfigurationIsVisible = 0;
			defaultConfigurationName = Release;
		};
		523DBB781EB8756000CD4335 /* Build configuration list for PBXNativeTarget "KolodaViewTest" */ = {
			isa = XCConfigurationList;
			buildConfigurations = (
				523DBB791EB8756000CD4335 /* Debug */,
				523DBB7A1EB8756000CD4335 /* Release */,
			);
			defaultConfigurationIsVisible = 0;
			defaultConfigurationName = Release;
		};
/* End XCConfigurationList section */
	};
	rootObject = 523DBB5E1EB8756000CD4335 /* Project object */;
}
